
Microsoft Visual Studio Solution File, Format Version 12.00
# Visual Studio Version 17
VisualStudioVersion = 17.0.32112.339
MinimumVisualStudioVersion = 10.0.40219.1
Project("{9A19103F-16F7-4668-BE54-9A1E7A4F7556}") = "Polyathlon", "Polyathlon.csproj", "{53CD5575-754D-479A-8AAE-9A40CBA4E71B}"
EndProject
Project("{FAE04EC0-301F-11D3-BF4B-00C04F79EFBC}") = "DevExpress.HybridApp.Win", "C:\Users\Public\Documents\DevExpress Demos 21.2\Components\WinForms\DevExpress.HybridApp.Win\CS\DevExpress.HybridApp.Win\DevExpress.HybridApp.Win.csproj", "{98431A0A-982C-410D-B1FB-06AD13D4ACFB}"
EndProject
Global
	GlobalSection(SolutionConfigurationPlatforms) = preSolution
		Debug|Any CPU = Debug|Any CPU
		Release|Any CPU = Release|Any CPU
	EndGlobalSection
	GlobalSection(ProjectConfigurationPlatforms) = postSolution
		{53CD5575-754D-479A-8AAE-9A40CBA4E71B}.Debug|Any CPU.ActiveCfg = Debug|Any CPU
		{53CD5575-754D-479A-8AAE-9A40CBA4E71B}.Debug|Any CPU.Build.0 = Debug|Any CPU
		{53CD5575-754D-479A-8AAE-9A40CBA4E71B}.Release|Any CPU.ActiveCfg = Release|Any CPU
		{53CD5575-754D-479A-8AAE-9A40CBA4E71B}.Release|Any CPU.Build.0 = Release|Any CPU
		{98431A0A-982C-410D-B1FB-06AD13D4ACFB}.Debug|Any CPU.ActiveCfg = Debug|Any CPU
		{98431A0A-982C-410D-B1FB-06AD13D4ACFB}.Debug|Any CPU.Build.0 = Debug|Any CPU
		{98431A0A-982C-410D-B1FB-06AD13D4ACFB}.Release|Any CPU.ActiveCfg = Release|Any CPU
		{98431A0A-982C-410D-B1FB-06AD13D4ACFB}.Release|Any CPU.Build.0 = Release|Any CPU
	EndGlobalSection
	GlobalSection(SolutionProperties) = preSolution
		HideSolutionNode = FALSE
	EndGlobalSection
	GlobalSection(ExtensibilityGlobals) = postSolution
		SolutionGuid = {B1712521-133B-46C0-A51F-4AF1C63C7FD5}
	EndGlobalSection
EndGlobal
